
Microsoft Visual Studio Solution File, Format Version 12.00
# Visual Studio Version 17
VisualStudioVersion = 17.5.33502.453
MinimumVisualStudioVersion = 10.0.40219.1
Project("{9A19103F-16F7-4668-BE54-9A1E7A4F7556}") = "SubtitlesManagementSystem.Web", "SubtitlesManagementSystem.Web\SubtitlesManagementSystem.Web.csproj", "{A16DF2DF-7CC8-4AF5-B9AE-67A1462516FD}"
EndProject
Project("{9A19103F-16F7-4668-BE54-9A1E7A4F7556}") = "Data.DataModels", "Data.DataModels\Data.DataModels.csproj", "{93D668EA-DAA2-46D2-A6A7-78DAD30220A2}"
EndProject
Project("{FAE04EC0-301F-11D3-BF4B-00C04F79EFBC}") = "Data.DataAccess", "Data.DataAccess\Data.DataAccess.csproj", "{2FB82D8A-6437-4783-BEF9-1BB1DD091D42}"
EndProject
Project("{FAE04EC0-301F-11D3-BF4B-00C04F79EFBC}") = "SubtitlesManagementSystem.Common", "SubtitlesManagementSystem.Common\SubtitlesManagementSystem.Common.csproj", "{35A2CDEE-F6EB-4BCA-A521-8E8F11CB11F4}"
EndProject
Global
	GlobalSection(SolutionConfigurationPlatforms) = preSolution
		Debug|Any CPU = Debug|Any CPU
		Release|Any CPU = Release|Any CPU
	EndGlobalSection
	GlobalSection(ProjectConfigurationPlatforms) = postSolution
		{A16DF2DF-7CC8-4AF5-B9AE-67A1462516FD}.Debug|Any CPU.ActiveCfg = Debug|Any CPU
		{A16DF2DF-7CC8-4AF5-B9AE-67A1462516FD}.Debug|Any CPU.Build.0 = Debug|Any CPU
		{A16DF2DF-7CC8-4AF5-B9AE-67A1462516FD}.Release|Any CPU.ActiveCfg = Release|Any CPU
		{A16DF2DF-7CC8-4AF5-B9AE-67A1462516FD}.Release|Any CPU.Build.0 = Release|Any CPU
		{93D668EA-DAA2-46D2-A6A7-78DAD30220A2}.Debug|Any CPU.ActiveCfg = Debug|Any CPU
		{93D668EA-DAA2-46D2-A6A7-78DAD30220A2}.Debug|Any CPU.Build.0 = Debug|Any CPU
		{93D668EA-DAA2-46D2-A6A7-78DAD30220A2}.Release|Any CPU.ActiveCfg = Release|Any CPU
		{93D668EA-DAA2-46D2-A6A7-78DAD30220A2}.Release|Any CPU.Build.0 = Release|Any CPU
		{2FB82D8A-6437-4783-BEF9-1BB1DD091D42}.Debug|Any CPU.ActiveCfg = Debug|Any CPU
		{2FB82D8A-6437-4783-BEF9-1BB1DD091D42}.Debug|Any CPU.Build.0 = Debug|Any CPU
		{2FB82D8A-6437-4783-BEF9-1BB1DD091D42}.Release|Any CPU.ActiveCfg = Release|Any CPU
		{2FB82D8A-6437-4783-BEF9-1BB1DD091D42}.Release|Any CPU.Build.0 = Release|Any CPU
		{35A2CDEE-F6EB-4BCA-A521-8E8F11CB11F4}.Debug|Any CPU.ActiveCfg = Debug|Any CPU
		{35A2CDEE-F6EB-4BCA-A521-8E8F11CB11F4}.Debug|Any CPU.Build.0 = Debug|Any CPU
		{35A2CDEE-F6EB-4BCA-A521-8E8F11CB11F4}.Release|Any CPU.ActiveCfg = Release|Any CPU
		{35A2CDEE-F6EB-4BCA-A521-8E8F11CB11F4}.Release|Any CPU.Build.0 = Release|Any CPU
	EndGlobalSection
	GlobalSection(SolutionProperties) = preSolution
		HideSolutionNode = FALSE
	EndGlobalSection
	GlobalSection(ExtensibilityGlobals) = postSolution
		SolutionGuid = {59D432DC-293A-4A7A-B65F-7CC5E5E2B6F7}
	EndGlobalSection
EndGlobal
